
Microsoft Visual Studio Solution File, Format Version 12.00
# Visual Studio Version 17
VisualStudioVersion = 17.0.31903.59
MinimumVisualStudioVersion = 10.0.40219.1
Project("{2150E333-8FDC-42A3-9474-1A3956D46DE8}") = "src", "src", "{87F14866-8790-4B96-905B-41FEF4C6C0AF}"
EndProject
Project("{2150E333-8FDC-42A3-9474-1A3956D46DE8}") = "SDKs", "SDKs", "{8AA5F68B-47B3-4134-89F6-653FDAD19D15}"
EndProject
Project("{FAE04EC0-301F-11D3-BF4B-00C04F79EFBC}") = "Ovutor.Common.Sdk", "src\SDKs\Ovutor.Common.Sdk\Ovutor.Common.Sdk.csproj", "{438925D7-151D-4057-8E89-ECB5F1A4A0D0}"
EndProject
Project("{FAE04EC0-301F-11D3-BF4B-00C04F79EFBC}") = "Ovutor.Postgres.Sdk", "src\SDKs\Ovutor.Postgres.Sdk\Ovutor.Postgres.Sdk.csproj", "{A80F7F22-2F9D-4E81-AA7C-928BB015CAF4}"
EndProject
Project("{2150E333-8FDC-42A3-9474-1A3956D46DE8}") = "APIs", "APIs", "{B0744226-6DE0-4E37-B970-4ECDC0D61FA6}"
EndProject
Project("{FAE04EC0-301F-11D3-BF4B-00C04F79EFBC}") = "Ovutor.Admin.Api", "src\APIs\Ovutor.Admin.Api\Ovutor.Admin.Api.csproj", "{829B0465-EC89-4456-ADE5-4766870BE9CA}"
EndProject
Project("{FAE04EC0-301F-11D3-BF4B-00C04F79EFBC}") = "Ovutor.Client.Api", "src\APIs\Ovutor.Client.Api\Ovutor.Client.Api.csproj", "{F18DF18B-F47C-4F3E-A928-95705295E614}"
EndProject
Project("{FAE04EC0-301F-11D3-BF4B-00C04F79EFBC}") = "Ovutor.Storage.Sdk", "src\SDKs\Ovutor.Storage.Sdk\Ovutor.Storage.Sdk.csproj", "{B60B15D4-0963-4119-9CD7-5DB7C094D77F}"
EndProject
Project("{FAE04EC0-301F-11D3-BF4B-00C04F79EFBC}") = "Ovutor.Cache.Sdk", "src\SDKs\Ovutor.Cache.Sdk\Ovutor.Cache.Sdk.csproj", "{D80AFB76-DFF7-4277-B9C9-04F9220B4746}"
EndProject
Global
	GlobalSection(SolutionConfigurationPlatforms) = preSolution
		Debug|Any CPU = Debug|Any CPU
		Release|Any CPU = Release|Any CPU
	EndGlobalSection
	GlobalSection(SolutionProperties) = preSolution
		HideSolutionNode = FALSE
	EndGlobalSection
	GlobalSection(ProjectConfigurationPlatforms) = postSolution
		{438925D7-151D-4057-8E89-ECB5F1A4A0D0}.Debug|Any CPU.ActiveCfg = Debug|Any CPU
		{438925D7-151D-4057-8E89-ECB5F1A4A0D0}.Debug|Any CPU.Build.0 = Debug|Any CPU
		{438925D7-151D-4057-8E89-ECB5F1A4A0D0}.Release|Any CPU.ActiveCfg = Release|Any CPU
		{438925D7-151D-4057-8E89-ECB5F1A4A0D0}.Release|Any CPU.Build.0 = Release|Any CPU
		{A80F7F22-2F9D-4E81-AA7C-928BB015CAF4}.Debug|Any CPU.ActiveCfg = Debug|Any CPU
		{A80F7F22-2F9D-4E81-AA7C-928BB015CAF4}.Debug|Any CPU.Build.0 = Debug|Any CPU
		{A80F7F22-2F9D-4E81-AA7C-928BB015CAF4}.Release|Any CPU.ActiveCfg = Release|Any CPU
		{A80F7F22-2F9D-4E81-AA7C-928BB015CAF4}.Release|Any CPU.Build.0 = Release|Any CPU
		{829B0465-EC89-4456-ADE5-4766870BE9CA}.Debug|Any CPU.ActiveCfg = Debug|Any CPU
		{829B0465-EC89-4456-ADE5-4766870BE9CA}.Debug|Any CPU.Build.0 = Debug|Any CPU
		{829B0465-EC89-4456-ADE5-4766870BE9CA}.Release|Any CPU.ActiveCfg = Release|Any CPU
		{829B0465-EC89-4456-ADE5-4766870BE9CA}.Release|Any CPU.Build.0 = Release|Any CPU
		{F18DF18B-F47C-4F3E-A928-95705295E614}.Debug|Any CPU.ActiveCfg = Debug|Any CPU
		{F18DF18B-F47C-4F3E-A928-95705295E614}.Debug|Any CPU.Build.0 = Debug|Any CPU
		{F18DF18B-F47C-4F3E-A928-95705295E614}.Release|Any CPU.ActiveCfg = Release|Any CPU
		{F18DF18B-F47C-4F3E-A928-95705295E614}.Release|Any CPU.Build.0 = Release|Any CPU
		{B60B15D4-0963-4119-9CD7-5DB7C094D77F}.Debug|Any CPU.ActiveCfg = Debug|Any CPU
		{B60B15D4-0963-4119-9CD7-5DB7C094D77F}.Debug|Any CPU.Build.0 = Debug|Any CPU
		{B60B15D4-0963-4119-9CD7-5DB7C094D77F}.Release|Any CPU.ActiveCfg = Release|Any CPU
		{B60B15D4-0963-4119-9CD7-5DB7C094D77F}.Release|Any CPU.Build.0 = Release|Any CPU
		{D80AFB76-DFF7-4277-B9C9-04F9220B4746}.Debug|Any CPU.ActiveCfg = Debug|Any CPU
		{D80AFB76-DFF7-4277-B9C9-04F9220B4746}.Debug|Any CPU.Build.0 = Debug|Any CPU
		{D80AFB76-DFF7-4277-B9C9-04F9220B4746}.Release|Any CPU.ActiveCfg = Release|Any CPU
		{D80AFB76-DFF7-4277-B9C9-04F9220B4746}.Release|Any CPU.Build.0 = Release|Any CPU
	EndGlobalSection
	GlobalSection(NestedProjects) = preSolution
		{8AA5F68B-47B3-4134-89F6-653FDAD19D15} = {87F14866-8790-4B96-905B-41FEF4C6C0AF}
		{438925D7-151D-4057-8E89-ECB5F1A4A0D0} = {8AA5F68B-47B3-4134-89F6-653FDAD19D15}
		{A80F7F22-2F9D-4E81-AA7C-928BB015CAF4} = {8AA5F68B-47B3-4134-89F6-653FDAD19D15}
		{B0744226-6DE0-4E37-B970-4ECDC0D61FA6} = {87F14866-8790-4B96-905B-41FEF4C6C0AF}
		{829B0465-EC89-4456-ADE5-4766870BE9CA} = {B0744226-6DE0-4E37-B970-4ECDC0D61FA6}
		{F18DF18B-F47C-4F3E-A928-95705295E614} = {B0744226-6DE0-4E37-B970-4ECDC0D61FA6}
		{B60B15D4-0963-4119-9CD7-5DB7C094D77F} = {8AA5F68B-47B3-4134-89F6-653FDAD19D15}
		{D80AFB76-DFF7-4277-B9C9-04F9220B4746} = {8AA5F68B-47B3-4134-89F6-653FDAD19D15}
	EndGlobalSection
EndGlobal
